
Microsoft Visual Studio Solution File, Format Version 12.00
# Visual Studio 15
VisualStudioVersion = 15.0.28010.2026
MinimumVisualStudioVersion = 10.0.40219.1
Project("{FAE04EC0-301F-11D3-BF4B-00C04F79EFBC}") = "DemoCodeFirst", "DemoCodeFirst\DemoCodeFirst.csproj", "{9810E5EF-7954-4260-9E89-0E800D07F363}"
EndProject
Global
	GlobalSection(SolutionConfigurationPlatforms) = preSolution
		Debug|Any CPU = Debug|Any CPU
		Release|Any CPU = Release|Any CPU
	EndGlobalSection
	GlobalSection(ProjectConfigurationPlatforms) = postSolution
		{9810E5EF-7954-4260-9E89-0E800D07F363}.Debug|Any CPU.ActiveCfg = Debug|Any CPU
		{9810E5EF-7954-4260-9E89-0E800D07F363}.Debug|Any CPU.Build.0 = Debug|Any CPU
		{9810E5EF-7954-4260-9E89-0E800D07F363}.Release|Any CPU.ActiveCfg = Release|Any CPU
		{9810E5EF-7954-4260-9E89-0E800D07F363}.Release|Any CPU.Build.0 = Release|Any CPU
	EndGlobalSection
	GlobalSection(SolutionProperties) = preSolution
		HideSolutionNode = FALSE
	EndGlobalSection
	GlobalSection(ExtensibilityGlobals) = postSolution
		SolutionGuid = {06598F0D-BD50-4E68-9D69-7E4801BB0962}
	EndGlobalSection
EndGlobal
